
Microsoft Visual Studio Solution File, Format Version 12.00
# Visual Studio 14
VisualStudioVersion = 14.0.25420.1
MinimumVisualStudioVersion = 10.0.40219.1
Project("{FAE04EC0-301F-11D3-BF4B-00C04F79EFBC}") = "Practice_8-1", "Practice_8-1\Practice_8-1.csproj", "{F31323E4-8DC2-4813-A3E0-5C64A90D4202}"
EndProject
Global
	GlobalSection(SolutionConfigurationPlatforms) = preSolution
		Debug|Any CPU = Debug|Any CPU
		Release|Any CPU = Release|Any CPU
	EndGlobalSection
	GlobalSection(ProjectConfigurationPlatforms) = postSolution
		{F31323E4-8DC2-4813-A3E0-5C64A90D4202}.Debug|Any CPU.ActiveCfg = Debug|Any CPU
		{F31323E4-8DC2-4813-A3E0-5C64A90D4202}.Debug|Any CPU.Build.0 = Debug|Any CPU
		{F31323E4-8DC2-4813-A3E0-5C64A90D4202}.Release|Any CPU.ActiveCfg = Release|Any CPU
		{F31323E4-8DC2-4813-A3E0-5C64A90D4202}.Release|Any CPU.Build.0 = Release|Any CPU
	EndGlobalSection
	GlobalSection(SolutionProperties) = preSolution
		HideSolutionNode = FALSE
	EndGlobalSection
EndGlobal
